
Microsoft Visual Studio Solution File, Format Version 12.00
# Visual Studio Version 17
VisualStudioVersion = 17.9.34728.123
MinimumVisualStudioVersion = 10.0.40219.1
Project("{FAE04EC0-301F-11D3-BF4B-00C04F79EFBC}") = "HearingRangeDemo", "HearingRangeDemo\HearingRangeDemo.csproj", "{C8A64668-9BD9-433E-97FF-B9BB045CBE33}"
EndProject
Global
	GlobalSection(SolutionConfigurationPlatforms) = preSolution
		Debug|Any CPU = Debug|Any CPU
		Release|Any CPU = Release|Any CPU
	EndGlobalSection
	GlobalSection(ProjectConfigurationPlatforms) = postSolution
		{C8A64668-9BD9-433E-97FF-B9BB045CBE33}.Debug|Any CPU.ActiveCfg = Debug|Any CPU
		{C8A64668-9BD9-433E-97FF-B9BB045CBE33}.Debug|Any CPU.Build.0 = Debug|Any CPU
		{C8A64668-9BD9-433E-97FF-B9BB045CBE33}.Release|Any CPU.ActiveCfg = Release|Any CPU
		{C8A64668-9BD9-433E-97FF-B9BB045CBE33}.Release|Any CPU.Build.0 = Release|Any CPU
	EndGlobalSection
	GlobalSection(SolutionProperties) = preSolution
		HideSolutionNode = FALSE
	EndGlobalSection
	GlobalSection(ExtensibilityGlobals) = postSolution
		SolutionGuid = {401AF6A4-894A-4DC8-99C7-7019A6EB9326}
	EndGlobalSection
EndGlobal
